{
  "name": "sfi0zy.github.io",
  "version": "3.0.0",
  "lockfileVersion": 3,
  "requires": true,
  "packages": {
    "": {
      "name": "sfi0zy.github.io",
      "version": "3.0.0",
      "license": "MIT",
      "devDependencies": {
        "image-size": "0.7.4"
      },
      "engines": {
        "node": ">=22.0.0"
      }
    },
    "node_modules/image-size": {
      "version": "0.7.4",
      "resolved": "https://registry.npmjs.org/image-size/-/image-size-0.7.4.tgz",
      "integrity": "sha512-GqPgxs+VkOr12aWwjSkyRzf5atzObWpFtiRuDgxCl2I/SDpZOKZFRD3iIAeAN6/usmn8SeLWRt7a8JRYK0Whbw==",
      "dev": true,
      "bin": {
        "image-size": "bin/image-size.js"
      },
      "engines": {
        "node": ">=6.9.0"
      }
    }
  }
}
